
Microsoft Visual Studio Solution File, Format Version 12.00
# Visual Studio Version 17
VisualStudioVersion = 17.11.35327.3
MinimumVisualStudioVersion = 10.0.40219.1
Project("{9A19103F-16F7-4668-BE54-9A1E7A4F7556}") = "APPValidarBoleteriaNotions", "APPValidarBoleteriaNotions\APPValidarBoleteriaNotions.csproj", "{375CD83E-2B94-4C2E-8295-FAD3BF316518}"
EndProject
Project("{FAE04EC0-301F-11D3-BF4B-00C04F79EFBC}") = "APPValidarBoleteriaClientService", "APPValidarBoleteriaClientService\APPValidarBoleteriaClientService.csproj", "{5BB18AE1-A8E0-4E22-8E6A-D41064E5A7B9}"
EndProject
Global
	GlobalSection(SolutionConfigurationPlatforms) = preSolution
		Debug|Any CPU = Debug|Any CPU
		Release|Any CPU = Release|Any CPU
	EndGlobalSection
	GlobalSection(ProjectConfigurationPlatforms) = postSolution
		{375CD83E-2B94-4C2E-8295-FAD3BF316518}.Debug|Any CPU.ActiveCfg = Debug|Any CPU
		{375CD83E-2B94-4C2E-8295-FAD3BF316518}.Debug|Any CPU.Build.0 = Debug|Any CPU
		{375CD83E-2B94-4C2E-8295-FAD3BF316518}.Debug|Any CPU.Deploy.0 = Debug|Any CPU
		{375CD83E-2B94-4C2E-8295-FAD3BF316518}.Release|Any CPU.ActiveCfg = Release|Any CPU
		{375CD83E-2B94-4C2E-8295-FAD3BF316518}.Release|Any CPU.Build.0 = Release|Any CPU
		{375CD83E-2B94-4C2E-8295-FAD3BF316518}.Release|Any CPU.Deploy.0 = Release|Any CPU
		{5BB18AE1-A8E0-4E22-8E6A-D41064E5A7B9}.Debug|Any CPU.ActiveCfg = Debug|Any CPU
		{5BB18AE1-A8E0-4E22-8E6A-D41064E5A7B9}.Debug|Any CPU.Build.0 = Debug|Any CPU
		{5BB18AE1-A8E0-4E22-8E6A-D41064E5A7B9}.Release|Any CPU.ActiveCfg = Release|Any CPU
		{5BB18AE1-A8E0-4E22-8E6A-D41064E5A7B9}.Release|Any CPU.Build.0 = Release|Any CPU
	EndGlobalSection
	GlobalSection(SolutionProperties) = preSolution
		HideSolutionNode = FALSE
	EndGlobalSection
	GlobalSection(ExtensibilityGlobals) = postSolution
		SolutionGuid = {8361EB48-1777-414D-972D-D796A699420C}
	EndGlobalSection
EndGlobal
